// !$*UTF8*$!
{
	archiveVersion = 1;
	classes = {
	};
	objectVersion = 50;
	objects = {

/* Begin PBXBuildFile section */
		B75976F523AB388D002AB328 /* SwiftyKit.framework in Frameworks */ = {isa = PBXBuildFile; fileRef = B75976EB23AB388D002AB328 /* SwiftyKit.framework */; };
		B75976FA23AB388D002AB328 /* SwiftyKitTests.swift in Sources */ = {isa = PBXBuildFile; fileRef = B75976F923AB388D002AB328 /* SwiftyKitTests.swift */; };
		B75976FC23AB388D002AB328 /* SwiftyKit.h in Headers */ = {isa = PBXBuildFile; fileRef = B75976EE23AB388D002AB328 /* SwiftyKit.h */; settings = {ATTRIBUTES = (Public, ); }; };
		B759770723AB38F2002AB328 /* Reusable.swift in Sources */ = {isa = PBXBuildFile; fileRef = B759770623AB38F2002AB328 /* Reusable.swift */; };
		B759770923AB3A1D002AB328 /* UIBarButtonItem+Extension.swift in Sources */ = {isa = PBXBuildFile; fileRef = B759770823AB3A1D002AB328 /* UIBarButtonItem+Extension.swift */; };
		B759770B23AB3A38002AB328 /* UICollectionView+Extension.swift in Sources */ = {isa = PBXBuildFile; fileRef = B759770A23AB3A38002AB328 /* UICollectionView+Extension.swift */; };
		B759770D23AB3AF5002AB328 /* NibInitializable.swift in Sources */ = {isa = PBXBuildFile; fileRef = B759770C23AB3AF5002AB328 /* NibInitializable.swift */; };
		B759771023AB3D2A002AB328 /* UITableView+Extension.swift in Sources */ = {isa = PBXBuildFile; fileRef = B759770F23AB3D2A002AB328 /* UITableView+Extension.swift */; };
		B780C11323AC3EFF00971DC0 /* ReusableTests.swift in Sources */ = {isa = PBXBuildFile; fileRef = B780C11223AC3EFF00971DC0 /* ReusableTests.swift */; };
		B780C11523AC403F00971DC0 /* TableComponent.swift in Sources */ = {isa = PBXBuildFile; fileRef = B780C11423AC403F00971DC0 /* TableComponent.swift */; };
		B780C11923AC40A500971DC0 /* TableComponentTests.swift in Sources */ = {isa = PBXBuildFile; fileRef = B780C11823AC40A500971DC0 /* TableComponentTests.swift */; };
/* End PBXBuildFile section */

/* Begin PBXContainerItemProxy section */
		B75976F623AB388D002AB328 /* PBXContainerItemProxy */ = {
			isa = PBXContainerItemProxy;
			containerPortal = B75976E223AB388D002AB328 /* Project object */;
			proxyType = 1;
			remoteGlobalIDString = B75976EA23AB388D002AB328;
			remoteInfo = SwiftyKit;
		};
/* End PBXContainerItemProxy section */

/* Begin PBXFileReference section */
		B75976EB23AB388D002AB328 /* SwiftyKit.framework */ = {isa = PBXFileReference; explicitFileType = wrapper.framework; includeInIndex = 0; path = SwiftyKit.framework; sourceTree = BUILT_PRODUCTS_DIR; };
		B75976EE23AB388D002AB328 /* SwiftyKit.h */ = {isa = PBXFileReference; lastKnownFileType = sourcecode.c.h; path = SwiftyKit.h; sourceTree = "<group>"; };
		B75976EF23AB388D002AB328 /* Info.plist */ = {isa = PBXFileReference; lastKnownFileType = text.plist.xml; path = Info.plist; sourceTree = "<group>"; };
		B75976F423AB388D002AB328 /* SwiftyKitTests.xctest */ = {isa = PBXFileReference; explicitFileType = wrapper.cfbundle; includeInIndex = 0; path = SwiftyKitTests.xctest; sourceTree = BUILT_PRODUCTS_DIR; };
		B75976F923AB388D002AB328 /* SwiftyKitTests.swift */ = {isa = PBXFileReference; lastKnownFileType = sourcecode.swift; path = SwiftyKitTests.swift; sourceTree = "<group>"; };
		B75976FB23AB388D002AB328 /* Info.plist */ = {isa = PBXFileReference; lastKnownFileType = text.plist.xml; path = Info.plist; sourceTree = "<group>"; };
		B759770623AB38F2002AB328 /* Reusable.swift */ = {isa = PBXFileReference; lastKnownFileType = sourcecode.swift; path = Reusable.swift; sourceTree = "<group>"; };
		B759770823AB3A1D002AB328 /* UIBarButtonItem+Extension.swift */ = {isa = PBXFileReference; lastKnownFileType = sourcecode.swift; path = "UIBarButtonItem+Extension.swift"; sourceTree = "<group>"; };
		B759770A23AB3A38002AB328 /* UICollectionView+Extension.swift */ = {isa = PBXFileReference; lastKnownFileType = sourcecode.swift; path = "UICollectionView+Extension.swift"; sourceTree = "<group>"; };
		B759770C23AB3AF5002AB328 /* NibInitializable.swift */ = {isa = PBXFileReference; lastKnownFileType = sourcecode.swift; path = NibInitializable.swift; sourceTree = "<group>"; };
		B759770F23AB3D2A002AB328 /* UITableView+Extension.swift */ = {isa = PBXFileReference; lastKnownFileType = sourcecode.swift; path = "UITableView+Extension.swift"; sourceTree = "<group>"; };
		B780C11223AC3EFF00971DC0 /* ReusableTests.swift */ = {isa = PBXFileReference; lastKnownFileType = sourcecode.swift; path = ReusableTests.swift; sourceTree = "<group>"; };
		B780C11423AC403F00971DC0 /* TableComponent.swift */ = {isa = PBXFileReference; lastKnownFileType = sourcecode.swift; path = TableComponent.swift; sourceTree = "<group>"; };
		B780C11823AC40A500971DC0 /* TableComponentTests.swift */ = {isa = PBXFileReference; lastKnownFileType = sourcecode.swift; path = TableComponentTests.swift; sourceTree = "<group>"; };
/* End PBXFileReference section */

/* Begin PBXFrameworksBuildPhase section */
		B75976E823AB388D002AB328 /* Frameworks */ = {
			isa = PBXFrameworksBuildPhase;
			buildActionMask = 2147483647;
			files = (
			);
			runOnlyForDeploymentPostprocessing = 0;
		};
		B75976F123AB388D002AB328 /* Frameworks */ = {
			isa = PBXFrameworksBuildPhase;
			buildActionMask = 2147483647;
			files = (
				B75976F523AB388D002AB328 /* SwiftyKit.framework in Frameworks */,
			);
			runOnlyForDeploymentPostprocessing = 0;
		};
/* End PBXFrameworksBuildPhase section */

/* Begin PBXGroup section */
		B75976E123AB388D002AB328 = {
			isa = PBXGroup;
			children = (
				B75976EC23AB388D002AB328 /* Products */,
				B75976ED23AB388D002AB328 /* SwiftyKit */,
				B75976F823AB388D002AB328 /* SwiftyKitTests */,
			);
			sourceTree = "<group>";
		};
		B75976EC23AB388D002AB328 /* Products */ = {
			isa = PBXGroup;
			children = (
				B75976EB23AB388D002AB328 /* SwiftyKit.framework */,
				B75976F423AB388D002AB328 /* SwiftyKitTests.xctest */,
			);
			name = Products;
			sourceTree = "<group>";
		};
		B75976ED23AB388D002AB328 /* SwiftyKit */ = {
			isa = PBXGroup;
			children = (
				B759770E23AB3D1B002AB328 /* Common */,
				B759770523AB38CE002AB328 /* Extension */,
				B75976EF23AB388D002AB328 /* Info.plist */,
				B75976EE23AB388D002AB328 /* SwiftyKit.h */,
			);
			path = SwiftyKit;
			sourceTree = "<group>";
		};
		B75976F823AB388D002AB328 /* SwiftyKitTests */ = {
			isa = PBXGroup;
			children = (
				B780C11723AC409400971DC0 /* Extension */,
				B780C11623AC408A00971DC0 /* Common */,
				B75976FB23AB388D002AB328 /* Info.plist */,
				B75976F923AB388D002AB328 /* SwiftyKitTests.swift */,
			);
			path = SwiftyKitTests;
			sourceTree = "<group>";
		};
		B759770523AB38CE002AB328 /* Extension */ = {
			isa = PBXGroup;
			children = (
				B759770823AB3A1D002AB328 /* UIBarButtonItem+Extension.swift */,
				B759770A23AB3A38002AB328 /* UICollectionView+Extension.swift */,
				B759770F23AB3D2A002AB328 /* UITableView+Extension.swift */,
			);
			path = Extension;
			sourceTree = "<group>";
		};
		B759770E23AB3D1B002AB328 /* Common */ = {
			isa = PBXGroup;
			children = (
				B759770C23AB3AF5002AB328 /* NibInitializable.swift */,
				B759770623AB38F2002AB328 /* Reusable.swift */,
				B780C11423AC403F00971DC0 /* TableComponent.swift */,
			);
			path = Common;
			sourceTree = "<group>";
		};
		B780C11623AC408A00971DC0 /* Common */ = {
			isa = PBXGroup;
			children = (
				B780C11223AC3EFF00971DC0 /* ReusableTests.swift */,
				B780C11823AC40A500971DC0 /* TableComponentTests.swift */,
			);
			name = Common;
			sourceTree = "<group>";
		};
		B780C11723AC409400971DC0 /* Extension */ = {
			isa = PBXGroup;
			children = (
			);
			path = Extension;
			sourceTree = "<group>";
		};
/* End PBXGroup section */

/* Begin PBXHeadersBuildPhase section */
		B75976E623AB388D002AB328 /* Headers */ = {
			isa = PBXHeadersBuildPhase;
			buildActionMask = 2147483647;
			files = (
				B75976FC23AB388D002AB328 /* SwiftyKit.h in Headers */,
			);
			runOnlyForDeploymentPostprocessing = 0;
		};
/* End PBXHeadersBuildPhase section */

/* Begin PBXNativeTarget section */
		B75976EA23AB388D002AB328 /* SwiftyKit */ = {
			isa = PBXNativeTarget;
			buildConfigurationList = B75976FF23AB388D002AB328 /* Build configuration list for PBXNativeTarget "SwiftyKit" */;
			buildPhases = (
				B75976E623AB388D002AB328 /* Headers */,
				B75976E723AB388D002AB328 /* Sources */,
				B75976E823AB388D002AB328 /* Frameworks */,
				B75976E923AB388D002AB328 /* Resources */,
			);
			buildRules = (
			);
			dependencies = (
			);
			name = SwiftyKit;
			productName = SwiftyKit;
			productReference = B75976EB23AB388D002AB328 /* SwiftyKit.framework */;
			productType = "com.apple.product-type.framework";
		};
		B75976F323AB388D002AB328 /* SwiftyKitTests */ = {
			isa = PBXNativeTarget;
			buildConfigurationList = B759770223AB388D002AB328 /* Build configuration list for PBXNativeTarget "SwiftyKitTests" */;
			buildPhases = (
				B75976F023AB388D002AB328 /* Sources */,
				B75976F123AB388D002AB328 /* Frameworks */,
				B75976F223AB388D002AB328 /* Resources */,
			);
			buildRules = (
			);
			dependencies = (
				B75976F723AB388D002AB328 /* PBXTargetDependency */,
			);
			name = SwiftyKitTests;
			productName = SwiftyKitTests;
			productReference = B75976F423AB388D002AB328 /* SwiftyKitTests.xctest */;
			productType = "com.apple.product-type.bundle.unit-test";
		};
/* End PBXNativeTarget section */

/* Begin PBXProject section */
		B75976E223AB388D002AB328 /* Project object */ = {
			isa = PBXProject;
			attributes = {
				LastSwiftUpdateCheck = 1120;
				LastUpgradeCheck = 1120;
				ORGANIZATIONNAME = tomoki_sun;
				TargetAttributes = {
					B75976EA23AB388D002AB328 = {
						CreatedOnToolsVersion = 11.2.1;
						LastSwiftMigration = 1120;
					};
					B75976F323AB388D002AB328 = {
						CreatedOnToolsVersion = 11.2.1;
					};
				};
			};
			buildConfigurationList = B75976E523AB388D002AB328 /* Build configuration list for PBXProject "SwiftyKit" */;
			compatibilityVersion = "Xcode 9.3";
			developmentRegion = en;
			hasScannedForEncodings = 0;
			knownRegions = (
				en,
				Base,
			);
			mainGroup = B75976E123AB388D002AB328;
			productRefGroup = B75976EC23AB388D002AB328 /* Products */;
			projectDirPath = "";
			projectRoot = "";
			targets = (
				B75976EA23AB388D002AB328 /* SwiftyKit */,
				B75976F323AB388D002AB328 /* SwiftyKitTests */,
			);
		};
/* End PBXProject section */

/* Begin PBXResourcesBuildPhase section */
		B75976E923AB388D002AB328 /* Resources */ = {
			isa = PBXResourcesBuildPhase;
			buildActionMask = 2147483647;
			files = (
			);
			runOnlyForDeploymentPostprocessing = 0;
		};
		B75976F223AB388D002AB328 /* Resources */ = {
			isa = PBXResourcesBuildPhase;
			buildActionMask = 2147483647;
			files = (
			);
			runOnlyForDeploymentPostprocessing = 0;
		};
/* End PBXResourcesBuildPhase section */

/* Begin PBXSourcesBuildPhase section */
		B75976E723AB388D002AB328 /* Sources */ = {
			isa = PBXSourcesBuildPhase;
			buildActionMask = 2147483647;
			files = (
				B780C11523AC403F00971DC0 /* TableComponent.swift in Sources */,
				B759770B23AB3A38002AB328 /* UICollectionView+Extension.swift in Sources */,
				B759770723AB38F2002AB328 /* Reusable.swift in Sources */,
				B759771023AB3D2A002AB328 /* UITableView+Extension.swift in Sources */,
				B759770923AB3A1D002AB328 /* UIBarButtonItem+Extension.swift in Sources */,
				B759770D23AB3AF5002AB328 /* NibInitializable.swift in Sources */,
			);
			runOnlyForDeploymentPostprocessing = 0;
		};
		B75976F023AB388D002AB328 /* Sources */ = {
			isa = PBXSourcesBuildPhase;
			buildActionMask = 2147483647;
			files = (
				B780C11323AC3EFF00971DC0 /* ReusableTests.swift in Sources */,
				B75976FA23AB388D002AB328 /* SwiftyKitTests.swift in Sources */,
				B780C11923AC40A500971DC0 /* TableComponentTests.swift in Sources */,
			);
			runOnlyForDeploymentPostprocessing = 0;
		};
/* End PBXSourcesBuildPhase section */

/* Begin PBXTargetDependency section */
		B75976F723AB388D002AB328 /* PBXTargetDependency */ = {
			isa = PBXTargetDependency;
			target = B75976EA23AB388D002AB328 /* SwiftyKit */;
			targetProxy = B75976F623AB388D002AB328 /* PBXContainerItemProxy */;
		};
/* End PBXTargetDependency section */

/* Begin XCBuildConfiguration section */
		B75976FD23AB388D002AB328 /* Debug */ = {
			isa = XCBuildConfiguration;
			buildSettings = {
				ALWAYS_SEARCH_USER_PATHS = NO;
				CLANG_ANALYZER_NONNULL = YES;
				CLANG_ANALYZER_NUMBER_OBJECT_CONVERSION = YES_AGGRESSIVE;
				CLANG_CXX_LANGUAGE_STANDARD = "gnu++14";
				CLANG_CXX_LIBRARY = "libc++";
				CLANG_ENABLE_MODULES = YES;
				CLANG_ENABLE_OBJC_ARC = YES;
				CLANG_ENABLE_OBJC_WEAK = YES;
				CLANG_WARN_BLOCK_CAPTURE_AUTORELEASING = YES;
				CLANG_WARN_BOOL_CONVERSION = YES;
				CLANG_WARN_COMMA = YES;
				CLANG_WARN_CONSTANT_CONVERSION = YES;
				CLANG_WARN_DEPRECATED_OBJC_IMPLEMENTATIONS = YES;
				CLANG_WARN_DIRECT_OBJC_ISA_USAGE = YES_ERROR;
				CLANG_WARN_DOCUMENTATION_COMMENTS = YES;
				CLANG_WARN_EMPTY_BODY = YES;
				CLANG_WARN_ENUM_CONVERSION = YES;
				CLANG_WARN_INFINITE_RECURSION = YES;
				CLANG_WARN_INT_CONVERSION = YES;
				CLANG_WARN_NON_LITERAL_NULL_CONVERSION = YES;
				CLANG_WARN_OBJC_IMPLICIT_RETAIN_SELF = YES;
				CLANG_WARN_OBJC_LITERAL_CONVERSION = YES;
				CLANG_WARN_OBJC_ROOT_CLASS = YES_ERROR;
				CLANG_WARN_RANGE_LOOP_ANALYSIS = YES;
				CLANG_WARN_STRICT_PROTOTYPES = YES;
				CLANG_WARN_SUSPICIOUS_MOVE = YES;
				CLANG_WARN_UNGUARDED_AVAILABILITY = YES_AGGRESSIVE;
				CLANG_WARN_UNREACHABLE_CODE = YES;
				CLANG_WARN__DUPLICATE_METHOD_MATCH = YES;
				COPY_PHASE_STRIP = NO;
				CURRENT_PROJECT_VERSION = 1;
				DEBUG_INFORMATION_FORMAT = dwarf;
				ENABLE_STRICT_OBJC_MSGSEND = YES;
				ENABLE_TESTABILITY = YES;
				GCC_C_LANGUAGE_STANDARD = gnu11;
				GCC_DYNAMIC_NO_PIC = NO;
				GCC_NO_COMMON_BLOCKS = YES;
				GCC_OPTIMIZATION_LEVEL = 0;
				GCC_PREPROCESSOR_DEFINITIONS = (
					"DEBUG=1",
					"$(inherited)",
				);
				GCC_WARN_64_TO_32_BIT_CONVERSION = YES;
				GCC_WARN_ABOUT_RETURN_TYPE = YES_ERROR;
				GCC_WARN_UNDECLARED_SELECTOR = YES;
				GCC_WARN_UNINITIALIZED_AUTOS = YES_AGGRESSIVE;
				GCC_WARN_UNUSED_FUNCTION = YES;
				GCC_WARN_UNUSED_VARIABLE = YES;
				IPHONEOS_DEPLOYMENT_TARGET = 13.2;
				MTL_ENABLE_DEBUG_INFO = INCLUDE_SOURCE;
				MTL_FAST_MATH = YES;
				ONLY_ACTIVE_ARCH = YES;
				SDKROOT = iphoneos;
				SWIFT_ACTIVE_COMPILATION_CONDITIONS = DEBUG;
				SWIFT_OPTIMIZATION_LEVEL = "-Onone";
				VERSIONING_SYSTEM = "apple-generic";
				VERSION_INFO_PREFIX = "";
			};
			name = Debug;
		};
		B75976FE23AB388D002AB328 /* Release */ = {
			isa = XCBuildConfiguration;
			buildSettings = {
				ALWAYS_SEARCH_USER_PATHS = NO;
				CLANG_ANALYZER_NONNULL = YES;
				CLANG_ANALYZER_NUMBER_OBJECT_CONVERSION = YES_AGGRESSIVE;
				CLANG_CXX_LANGUAGE_STANDARD = "gnu++14";
				CLANG_CXX_LIBRARY = "libc++";
				CLANG_ENABLE_MODULES = YES;
				CLANG_ENABLE_OBJC_ARC = YES;
				CLANG_ENABLE_OBJC_WEAK = YES;
				CLANG_WARN_BLOCK_CAPTURE_AUTORELEASING = YES;
				CLANG_WARN_BOOL_CONVERSION = YES;
				CLANG_WARN_COMMA = YES;
				CLANG_WARN_CONSTANT_CONVERSION = YES;
				CLANG_WARN_DEPRECATED_OBJC_IMPLEMENTATIONS = YES;
				CLANG_WARN_DIRECT_OBJC_ISA_USAGE = YES_ERROR;
				CLANG_WARN_DOCUMENTATION_COMMENTS = YES;
				CLANG_WARN_EMPTY_BODY = YES;
				CLANG_WARN_ENUM_CONVERSION = YES;
				CLANG_WARN_INFINITE_RECURSION = YES;
				CLANG_WARN_INT_CONVERSION = YES;
				CLANG_WARN_NON_LITERAL_NULL_CONVERSION = YES;
				CLANG_WARN_OBJC_IMPLICIT_RETAIN_SELF = YES;
				CLANG_WARN_OBJC_LITERAL_CONVERSION = YES;
				CLANG_WARN_OBJC_ROOT_CLASS = YES_ERROR;
				CLANG_WARN_RANGE_LOOP_ANALYSIS = YES;
				CLANG_WARN_STRICT_PROTOTYPES = YES;
				CLANG_WARN_SUSPICIOUS_MOVE = YES;
				CLANG_WARN_UNGUARDED_AVAILABILITY = YES_AGGRESSIVE;
				CLANG_WARN_UNREACHABLE_CODE = YES;
				CLANG_WARN__DUPLICATE_METHOD_MATCH = YES;
				COPY_PHASE_STRIP = NO;
				CURRENT_PROJECT_VERSION = 1;
				DEBUG_INFORMATION_FORMAT = "dwarf-with-dsym";
				ENABLE_NS_ASSERTIONS = NO;
				ENABLE_STRICT_OBJC_MSGSEND = YES;
				GCC_C_LANGUAGE_STANDARD = gnu11;
				GCC_NO_COMMON_BLOCKS = YES;
				GCC_WARN_64_TO_32_BIT_CONVERSION = YES;
				GCC_WARN_ABOUT_RETURN_TYPE = YES_ERROR;
				GCC_WARN_UNDECLARED_SELECTOR = YES;
				GCC_WARN_UNINITIALIZED_AUTOS = YES_AGGRESSIVE;
				GCC_WARN_UNUSED_FUNCTION = YES;
				GCC_WARN_UNUSED_VARIABLE = YES;
				IPHONEOS_DEPLOYMENT_TARGET = 13.2;
				MTL_ENABLE_DEBUG_INFO = NO;
				MTL_FAST_MATH = YES;
				SDKROOT = iphoneos;
				SWIFT_COMPILATION_MODE = wholemodule;
				SWIFT_OPTIMIZATION_LEVEL = "-O";
				VALIDATE_PRODUCT = YES;
				VERSIONING_SYSTEM = "apple-generic";
				VERSION_INFO_PREFIX = "";
			};
			name = Release;
		};
		B759770023AB388D002AB328 /* Debug */ = {
			isa = XCBuildConfiguration;
			buildSettings = {
				CLANG_ENABLE_MODULES = YES;
				CODE_SIGN_STYLE = Automatic;
				DEFINES_MODULE = YES;
				DEVELOPMENT_TEAM = AV9FQ3YF56;
				DYLIB_COMPATIBILITY_VERSION = 1;
				DYLIB_CURRENT_VERSION = 1;
				DYLIB_INSTALL_NAME_BASE = "@rpath";
				INFOPLIST_FILE = SwiftyKit/Info.plist;
				INSTALL_PATH = "$(LOCAL_LIBRARY_DIR)/Frameworks";
				LD_RUNPATH_SEARCH_PATHS = (
					"$(inherited)",
					"@executable_path/Frameworks",
					"@loader_path/Frameworks",
				);
				PRODUCT_BUNDLE_IDENTIFIER = "com.tomoki-sun.SwiftyKit";
				PRODUCT_NAME = "$(TARGET_NAME:c99extidentifier)";
				SKIP_INSTALL = YES;
				SWIFT_OPTIMIZATION_LEVEL = "-Onone";
				SWIFT_VERSION = 5.0;
				TARGETED_DEVICE_FAMILY = "1,2";
			};
			name = Debug;
		};
		B759770123AB388D002AB328 /* Release */ = {
			isa = XCBuildConfiguration;
			buildSettings = {
				CLANG_ENABLE_MODULES = YES;
				CODE_SIGN_STYLE = Automatic;
				DEFINES_MODULE = YES;
				DEVELOPMENT_TEAM = AV9FQ3YF56;
				DYLIB_COMPATIBILITY_VERSION = 1;
				DYLIB_CURRENT_VERSION = 1;
				DYLIB_INSTALL_NAME_BASE = "@rpath";
				INFOPLIST_FILE = SwiftyKit/Info.plist;
				INSTALL_PATH = "$(LOCAL_LIBRARY_DIR)/Frameworks";
				LD_RUNPATH_SEARCH_PATHS = (
					"$(inherited)",
					"@executable_path/Frameworks",
					"@loader_path/Frameworks",
				);
				PRODUCT_BUNDLE_IDENTIFIER = "com.tomoki-sun.SwiftyKit";
				PRODUCT_NAME = "$(TARGET_NAME:c99extidentifier)";
				SKIP_INSTALL = YES;
				SWIFT_VERSION = 5.0;
				TARGETED_DEVICE_FAMILY = "1,2";
			};
			name = Release;
		};
		B759770323AB388D002AB328 /* Debug */ = {
			isa = XCBuildConfiguration;
			buildSettings = {
				ALWAYS_EMBED_SWIFT_STANDARD_LIBRARIES = YES;
				CODE_SIGN_STYLE = Automatic;
				DEVELOPMENT_TEAM = AV9FQ3YF56;
				INFOPLIST_FILE = SwiftyKitTests/Info.plist;
				LD_RUNPATH_SEARCH_PATHS = (
					"$(inherited)",
					"@executable_path/Frameworks",
					"@loader_path/Frameworks",
				);
				PRODUCT_BUNDLE_IDENTIFIER = "com.tomoki-sun.SwiftyKitTests";
				PRODUCT_NAME = "$(TARGET_NAME)";
				SWIFT_VERSION = 5.0;
				TARGETED_DEVICE_FAMILY = "1,2";
			};
			name = Debug;
		};
		B759770423AB388D002AB328 /* Release */ = {
			isa = XCBuildConfiguration;
			buildSettings = {
				ALWAYS_EMBED_SWIFT_STANDARD_LIBRARIES = YES;
				CODE_SIGN_STYLE = Automatic;
				DEVELOPMENT_TEAM = AV9FQ3YF56;
				INFOPLIST_FILE = SwiftyKitTests/Info.plist;
				LD_RUNPATH_SEARCH_PATHS = (
					"$(inherited)",
					"@executable_path/Frameworks",
					"@loader_path/Frameworks",
				);
				PRODUCT_BUNDLE_IDENTIFIER = "com.tomoki-sun.SwiftyKitTests";
				PRODUCT_NAME = "$(TARGET_NAME)";
				SWIFT_VERSION = 5.0;
				TARGETED_DEVICE_FAMILY = "1,2";
			};
			name = Release;
		};
/* End XCBuildConfiguration section */

/* Begin XCConfigurationList section */
		B75976E523AB388D002AB328 /* Build configuration list for PBXProject "SwiftyKit" */ = {
			isa = XCConfigurationList;
			buildConfigurations = (
				B75976FD23AB388D002AB328 /* Debug */,
				B75976FE23AB388D002AB328 /* Release */,
			);
			defaultConfigurationIsVisible = 0;
			defaultConfigurationName = Release;
		};
		B75976FF23AB388D002AB328 /* Build configuration list for PBXNativeTarget "SwiftyKit" */ = {
			isa = XCConfigurationList;
			buildConfigurations = (
				B759770023AB388D002AB328 /* Debug */,
				B759770123AB388D002AB328 /* Release */,
			);
			defaultConfigurationIsVisible = 0;
			defaultConfigurationName = Release;
		};
		B759770223AB388D002AB328 /* Build configuration list for PBXNativeTarget "SwiftyKitTests" */ = {
			isa = XCConfigurationList;
			buildConfigurations = (
				B759770323AB388D002AB328 /* Debug */,
				B759770423AB388D002AB328 /* Release */,
			);
			defaultConfigurationIsVisible = 0;
			defaultConfigurationName = Release;
		};
/* End XCConfigurationList section */
	};
	rootObject = B75976E223AB388D002AB328 /* Project object */;
}
